// !$*UTF8*$!
{
	archiveVersion = 1;
	classes = {
	};
	objectVersion = 56;
	objects = {

/* Begin PBXBuildFile section */
		11E3B69EB19C4E9EBF9110DB /* bmdApp.swift in Sources */ = {isa = PBXBuildFile; fileRef = 452C3851279F4939B6737528 /* bmdApp.swift */; };
		836B9635E49C4579AF4FF2E4 /* AppState.swift in Sources */ = {isa = PBXBuildFile; fileRef = A3F3C93CA40A40AB971D740D /* AppState.swift */; };
		A33852BEB3704FA4A93D8B48 /* RecentStore.swift in Sources */ = {isa = PBXBuildFile; fileRef = ADF1F422B8014C0BAC2864E9 /* RecentStore.swift */; };
		CC00DDAD34A347B89E44AA01 /* ContentView.swift in Sources */ = {isa = PBXBuildFile; fileRef = AA9722289FBC47E4B79C1360 /* ContentView.swift */; };
		A49FA11F174A4644B5C83CFB /* MarkdownWebView.swift in Sources */ = {isa = PBXBuildFile; fileRef = D57F331249084A8C8943E707 /* MarkdownWebView.swift */; };
		B4D000000000000000000001 /* LocalAssetSchemeHandler.swift in Sources */ = {isa = PBXBuildFile; fileRef = B4D000000000000000000002 /* LocalAssetSchemeHandler.swift */; };
		B4D000000000000000000003 /* AppPreferences.swift in Sources */ = {isa = PBXBuildFile; fileRef = B4D000000000000000000004 /* AppPreferences.swift */; };
		B4D000000000000000000005 /* SettingsView.swift in Sources */ = {isa = PBXBuildFile; fileRef = B4D000000000000000000006 /* SettingsView.swift */; };
		B4D00000000000000000000E /* FolderWatcher.swift in Sources */ = {isa = PBXBuildFile; fileRef = B4D00000000000000000000F /* FolderWatcher.swift */; };
		B4D000000000000000000010 /* WindowPlacement.swift in Sources */ = {isa = PBXBuildFile; fileRef = B4D000000000000000000011 /* WindowPlacement.swift */; };
		B4D000000000000000000012 /* CurrentFileWatcher.swift in Sources */ = {isa = PBXBuildFile; fileRef = B4D000000000000000000013 /* CurrentFileWatcher.swift */; };
		B4D000000000000000000014 /* SidebarStateStore.swift in Sources */ = {isa = PBXBuildFile; fileRef = B4D000000000000000000015 /* SidebarStateStore.swift */; };
		B4D000000000000000000016 /* Assets.xcassets in Resources */ = {isa = PBXBuildFile; fileRef = B4D000000000000000000017 /* Assets.xcassets */; };
		B4D000000000000000000018 /* SidebarFileState.swift in Sources */ = {isa = PBXBuildFile; fileRef = B4D000000000000000000019 /* SidebarFileState.swift */; };
		35B57B161C744602B42DEBB8 /* viewer in Resources */ = {isa = PBXBuildFile; fileRef = E22FBBDE87374F42A3C940FB /* viewer */; };
/* End PBXBuildFile section */

/* Begin PBXContainerItemProxy section */
		B4D000000000000000000009 /* PBXContainerItemProxy */ = {
			isa = PBXContainerItemProxy;
			containerPortal = A10000000000000000000001 /* Project object */;
			proxyType = 1;
			remoteGlobalIDString = A10000000000000000000002;
			remoteInfo = bmd;
		};
/* End PBXContainerItemProxy section */

/* Begin PBXFileReference section */
		452C3851279F4939B6737528 /* bmdApp.swift */ = {isa = PBXFileReference; lastKnownFileType = sourcecode.swift; path = bmdApp.swift; sourceTree = "<group>"; };
		A3F3C93CA40A40AB971D740D /* AppState.swift */ = {isa = PBXFileReference; lastKnownFileType = sourcecode.swift; path = AppState.swift; sourceTree = "<group>"; };
		ADF1F422B8014C0BAC2864E9 /* RecentStore.swift */ = {isa = PBXFileReference; lastKnownFileType = sourcecode.swift; path = RecentStore.swift; sourceTree = "<group>"; };
		AA9722289FBC47E4B79C1360 /* ContentView.swift */ = {isa = PBXFileReference; lastKnownFileType = sourcecode.swift; path = ContentView.swift; sourceTree = "<group>"; };
		D57F331249084A8C8943E707 /* MarkdownWebView.swift */ = {isa = PBXFileReference; lastKnownFileType = sourcecode.swift; path = MarkdownWebView.swift; sourceTree = "<group>"; };
		B4D000000000000000000002 /* LocalAssetSchemeHandler.swift */ = {isa = PBXFileReference; lastKnownFileType = sourcecode.swift; path = LocalAssetSchemeHandler.swift; sourceTree = "<group>"; };
		B4D000000000000000000004 /* AppPreferences.swift */ = {isa = PBXFileReference; lastKnownFileType = sourcecode.swift; path = AppPreferences.swift; sourceTree = "<group>"; };
		B4D000000000000000000006 /* SettingsView.swift */ = {isa = PBXFileReference; lastKnownFileType = sourcecode.swift; path = SettingsView.swift; sourceTree = "<group>"; };
		B4D00000000000000000000F /* FolderWatcher.swift */ = {isa = PBXFileReference; lastKnownFileType = sourcecode.swift; path = FolderWatcher.swift; sourceTree = "<group>"; };
		B4D000000000000000000011 /* WindowPlacement.swift */ = {isa = PBXFileReference; lastKnownFileType = sourcecode.swift; path = WindowPlacement.swift; sourceTree = "<group>"; };
		B4D000000000000000000013 /* CurrentFileWatcher.swift */ = {isa = PBXFileReference; lastKnownFileType = sourcecode.swift; path = CurrentFileWatcher.swift; sourceTree = "<group>"; };
		B4D000000000000000000015 /* SidebarStateStore.swift */ = {isa = PBXFileReference; lastKnownFileType = sourcecode.swift; path = SidebarStateStore.swift; sourceTree = "<group>"; };
		B4D000000000000000000017 /* Assets.xcassets */ = {isa = PBXFileReference; lastKnownFileType = folder.assetcatalog; path = Assets.xcassets; sourceTree = "<group>"; };
		B4D000000000000000000019 /* SidebarFileState.swift */ = {isa = PBXFileReference; lastKnownFileType = sourcecode.swift; path = SidebarFileState.swift; sourceTree = "<group>"; };
		A10000000000000000000006 /* bmd.app */ = {isa = PBXFileReference; explicitFileType = wrapper.application; includeInIndex = 0; path = bmd.app; sourceTree = BUILT_PRODUCTS_DIR; };
		16457A4A05BD453DA86E0833 /* Info.plist */ = {isa = PBXFileReference; lastKnownFileType = text.plist.xml; path = Info.plist; sourceTree = "<group>"; };
		CC0FF0A58B5E4455B8F33BC5 /* bmd.entitlements */ = {isa = PBXFileReference; lastKnownFileType = text.plist.entitlements; path = bmd.entitlements; sourceTree = "<group>"; };
		E22FBBDE87374F42A3C940FB /* viewer */ = {isa = PBXFileReference; lastKnownFileType = folder; name = viewer; path = Resources/viewer; sourceTree = "<group>"; };
/* End PBXFileReference section */

/* Begin PBXFrameworksBuildPhase section */
		A10000000000000000000005 /* Frameworks */ = {
			isa = PBXFrameworksBuildPhase;
			buildActionMask = 2147483647;
			files = (
			);
			runOnlyForDeploymentPostprocessing = 0;
		};
/* End PBXFrameworksBuildPhase section */

/* Begin PBXGroup section */
		A10000000000000000000007 = {
			isa = PBXGroup;
			children = (
				A10000000000000000000009 /* bmd */,
				E22FBBDE87374F42A3C940FB /* viewer */,
				A10000000000000000000008 /* Products */,
			);
			sourceTree = "<group>";
		};
		A10000000000000000000008 /* Products */ = {
			isa = PBXGroup;
			children = (
				A10000000000000000000006 /* bmd.app */,
			);
			name = Products;
			sourceTree = "<group>";
		};
		A10000000000000000000009 /* bmd */ = {
			isa = PBXGroup;
			children = (
				452C3851279F4939B6737528 /* bmdApp.swift */,
				A3F3C93CA40A40AB971D740D /* AppState.swift */,
				ADF1F422B8014C0BAC2864E9 /* RecentStore.swift */,
				AA9722289FBC47E4B79C1360 /* ContentView.swift */,
				D57F331249084A8C8943E707 /* MarkdownWebView.swift */,
				B4D000000000000000000002 /* LocalAssetSchemeHandler.swift */,
				B4D000000000000000000004 /* AppPreferences.swift */,
				B4D000000000000000000006 /* SettingsView.swift */,
				B4D00000000000000000000F /* FolderWatcher.swift */,
				B4D000000000000000000011 /* WindowPlacement.swift */,
				B4D000000000000000000013 /* CurrentFileWatcher.swift */,
				B4D000000000000000000015 /* SidebarStateStore.swift */,
				B4D000000000000000000019 /* SidebarFileState.swift */,
				B4D000000000000000000017 /* Assets.xcassets */,
				16457A4A05BD453DA86E0833 /* Info.plist */,
				CC0FF0A58B5E4455B8F33BC5 /* bmd.entitlements */,
			);
			path = bmd;
			sourceTree = "<group>";
		};
/* End PBXGroup section */

/* Begin PBXAggregateTarget section */
		B4D000000000000000000008 /* Install bmd */ = {
			isa = PBXAggregateTarget;
			buildConfigurationList = B4D00000000000000000000B /* Build configuration list for PBXAggregateTarget "Install bmd" */;
			buildPhases = (
				B4D000000000000000000007 /* Install bmd in Applications */,
			);
			dependencies = (
				B4D00000000000000000000A /* PBXTargetDependency */,
			);
			name = "Install bmd";
			productName = "Install bmd";
		};
/* End PBXAggregateTarget section */

/* Begin PBXNativeTarget section */
		A10000000000000000000002 /* bmd */ = {
			isa = PBXNativeTarget;
			buildConfigurationList = A1000000000000000000000E /* Build configuration list for PBXNativeTarget "bmd" */;
			buildPhases = (
				A10000000000000000000003 /* Sources */,
				A10000000000000000000005 /* Frameworks */,
				A10000000000000000000004 /* Resources */,
			);
			buildRules = (
			);
			dependencies = (
			);
			name = bmd;
			productName = bmd;
			productReference = A10000000000000000000006 /* bmd.app */;
			productType = "com.apple.product-type.application";
		};
/* End PBXNativeTarget section */

/* Begin PBXProject section */
		A10000000000000000000001 /* Project object */ = {
			isa = PBXProject;
			attributes = {
				BuildIndependentTargetsInParallel = 1;
				LastSwiftUpdateCheck = 1600;
				LastUpgradeCheck = 1600;
			};
			buildConfigurationList = A1000000000000000000000D /* Build configuration list for PBXProject "bmd" */;
			compatibilityVersion = "Xcode 14.0";
			developmentRegion = en;
			hasScannedForEncodings = 0;
			knownRegions = (
				en,
				Base,
			);
			mainGroup = A10000000000000000000007;
			productRefGroup = A10000000000000000000008 /* Products */;
			projectDirPath = "";
			projectRoot = "";
			targets = (
				A10000000000000000000002 /* bmd */,
				B4D000000000000000000008 /* Install bmd */,
			);
		};
/* End PBXProject section */

/* Begin PBXResourcesBuildPhase section */
		A10000000000000000000004 /* Resources */ = {
			isa = PBXResourcesBuildPhase;
			buildActionMask = 2147483647;
			files = (
				35B57B161C744602B42DEBB8 /* viewer in Resources */,
				B4D000000000000000000016 /* Assets.xcassets in Resources */,
			);
			runOnlyForDeploymentPostprocessing = 0;
		};
/* End PBXResourcesBuildPhase section */

/* Begin PBXShellScriptBuildPhase section */
		B4D000000000000000000007 /* Install bmd in Applications */ = {
			isa = PBXShellScriptBuildPhase;
			alwaysOutOfDate = 1;
			buildActionMask = 2147483647;
			files = (
			);
			inputPaths = (
				"$(BUILT_PRODUCTS_DIR)/bmd.app",
			);
			name = "Install bmd in Applications";
			outputPaths = (
				/Applications/bmd.app,
			);
			runOnlyForDeploymentPostprocessing = 0;
			shellPath = /bin/sh;
			shellScript = "if [ \"${BMD_SKIP_AUTO_INSTALL:-0}\" != \"1\" ]; then\n  \"$SRCROOT/scripts/install-built-app\" \"$BUILT_PRODUCTS_DIR/bmd.app\"\nfi\n";
		};
/* End PBXShellScriptBuildPhase section */

/* Begin PBXSourcesBuildPhase section */
		A10000000000000000000003 /* Sources */ = {
			isa = PBXSourcesBuildPhase;
			buildActionMask = 2147483647;
			files = (
				11E3B69EB19C4E9EBF9110DB /* bmdApp.swift in Sources */,
				836B9635E49C4579AF4FF2E4 /* AppState.swift in Sources */,
				A33852BEB3704FA4A93D8B48 /* RecentStore.swift in Sources */,
				CC00DDAD34A347B89E44AA01 /* ContentView.swift in Sources */,
				A49FA11F174A4644B5C83CFB /* MarkdownWebView.swift in Sources */,
				B4D000000000000000000001 /* LocalAssetSchemeHandler.swift in Sources */,
				B4D000000000000000000003 /* AppPreferences.swift in Sources */,
				B4D000000000000000000005 /* SettingsView.swift in Sources */,
				B4D00000000000000000000E /* FolderWatcher.swift in Sources */,
				B4D000000000000000000010 /* WindowPlacement.swift in Sources */,
				B4D000000000000000000012 /* CurrentFileWatcher.swift in Sources */,
				B4D000000000000000000014 /* SidebarStateStore.swift in Sources */,
				B4D000000000000000000018 /* SidebarFileState.swift in Sources */,
			);
			runOnlyForDeploymentPostprocessing = 0;
		};
/* End PBXSourcesBuildPhase section */

/* Begin PBXTargetDependency section */
		B4D00000000000000000000A /* PBXTargetDependency */ = {
			isa = PBXTargetDependency;
			target = A10000000000000000000002 /* bmd */;
			targetProxy = B4D000000000000000000009 /* PBXContainerItemProxy */;
		};
/* End PBXTargetDependency section */

/* Begin XCBuildConfiguration section */
		A1000000000000000000000F /* Debug */ = {
			isa = XCBuildConfiguration;
			buildSettings = {
				ALWAYS_SEARCH_USER_PATHS = NO;
				CLANG_ENABLE_MODULES = YES;
				CLANG_ENABLE_OBJC_ARC = YES;
				COPY_PHASE_STRIP = NO;
				DEBUG_INFORMATION_FORMAT = dwarf;
				ENABLE_TESTABILITY = YES;
				GCC_DYNAMIC_NO_PIC = NO;
				GCC_OPTIMIZATION_LEVEL = 0;
				MACOSX_DEPLOYMENT_TARGET = 14.0;
				ONLY_ACTIVE_ARCH = YES;
				SDKROOT = macosx;
				SWIFT_ACTIVE_COMPILATION_CONDITIONS = "DEBUG";
				SWIFT_OPTIMIZATION_LEVEL = "-Onone";
			};
			name = Debug;
		};
		A10000000000000000000010 /* Release */ = {
			isa = XCBuildConfiguration;
			buildSettings = {
				ALWAYS_SEARCH_USER_PATHS = NO;
				CLANG_ENABLE_MODULES = YES;
				CLANG_ENABLE_OBJC_ARC = YES;
				COPY_PHASE_STRIP = NO;
				DEBUG_INFORMATION_FORMAT = "dwarf-with-dsym";
				MACOSX_DEPLOYMENT_TARGET = 14.0;
				SDKROOT = macosx;
				SWIFT_COMPILATION_MODE = wholemodule;
			};
			name = Release;
		};
		A10000000000000000000011 /* Debug */ = {
			isa = XCBuildConfiguration;
			buildSettings = {
				ASSETCATALOG_COMPILER_APPICON_NAME = AppIcon;
				CODE_SIGN_ENTITLEMENTS = bmd/bmd.entitlements;
				CODE_SIGN_STYLE = Automatic;
				COMBINE_HIDPI_IMAGES = YES;
				CURRENT_PROJECT_VERSION = 1;
				ENABLE_APP_SANDBOX = NO;
				ENABLE_HARDENED_RUNTIME = YES;
				ENABLE_OUTGOING_NETWORK_CONNECTIONS = NO;
				GENERATE_INFOPLIST_FILE = NO;
				INFOPLIST_FILE = bmd/Info.plist;
				LD_RUNPATH_SEARCH_PATHS = (
					"$(inherited)",
					"@executable_path/../Frameworks",
				);
				MACOSX_DEPLOYMENT_TARGET = 14.0;
				MARKETING_VERSION = 0.1.0;
				PRODUCT_BUNDLE_IDENTIFIER = com.brennan.bmd;
				PRODUCT_NAME = bmd;
				SWIFT_VERSION = 5.0;
			};
			name = Debug;
		};
		A10000000000000000000012 /* Release */ = {
			isa = XCBuildConfiguration;
			buildSettings = {
				ASSETCATALOG_COMPILER_APPICON_NAME = AppIcon;
				CODE_SIGN_ENTITLEMENTS = bmd/bmd.entitlements;
				CODE_SIGN_STYLE = Automatic;
				COMBINE_HIDPI_IMAGES = YES;
				CURRENT_PROJECT_VERSION = 1;
				ENABLE_APP_SANDBOX = NO;
				ENABLE_HARDENED_RUNTIME = YES;
				ENABLE_OUTGOING_NETWORK_CONNECTIONS = NO;
				GENERATE_INFOPLIST_FILE = NO;
				INFOPLIST_FILE = bmd/Info.plist;
				LD_RUNPATH_SEARCH_PATHS = (
					"$(inherited)",
					"@executable_path/../Frameworks",
				);
				MACOSX_DEPLOYMENT_TARGET = 14.0;
				MARKETING_VERSION = 0.1.0;
				PRODUCT_BUNDLE_IDENTIFIER = com.brennan.bmd;
				PRODUCT_NAME = bmd;
				SWIFT_VERSION = 5.0;
			};
			name = Release;
		};
		B4D00000000000000000000C /* Debug */ = {
			isa = XCBuildConfiguration;
			buildSettings = {
				PRODUCT_NAME = "$(TARGET_NAME)";
			};
			name = Debug;
		};
		B4D00000000000000000000D /* Release */ = {
			isa = XCBuildConfiguration;
			buildSettings = {
				PRODUCT_NAME = "$(TARGET_NAME)";
			};
			name = Release;
		};
/* End XCBuildConfiguration section */

/* Begin XCConfigurationList section */
		A1000000000000000000000D /* Build configuration list for PBXProject "bmd" */ = {
			isa = XCConfigurationList;
			buildConfigurations = (
				A1000000000000000000000F /* Debug */,
				A10000000000000000000010 /* Release */,
			);
			defaultConfigurationIsVisible = 0;
			defaultConfigurationName = Release;
		};
		A1000000000000000000000E /* Build configuration list for PBXNativeTarget "bmd" */ = {
			isa = XCConfigurationList;
			buildConfigurations = (
				A10000000000000000000011 /* Debug */,
				A10000000000000000000012 /* Release */,
			);
			defaultConfigurationIsVisible = 0;
			defaultConfigurationName = Release;
		};
		B4D00000000000000000000B /* Build configuration list for PBXAggregateTarget "Install bmd" */ = {
			isa = XCConfigurationList;
			buildConfigurations = (
				B4D00000000000000000000C /* Debug */,
				B4D00000000000000000000D /* Release */,
			);
			defaultConfigurationIsVisible = 0;
			defaultConfigurationName = Release;
		};
/* End XCConfigurationList section */
	};
	rootObject = A10000000000000000000001 /* Project object */;
}
